
Microsoft Visual Studio Solution File, Format Version 12.00
# Visual Studio Version 17
VisualStudioVersion = 17.8.34525.116
MinimumVisualStudioVersion = 10.0.40219.1
Project("{FAE04EC0-301F-11D3-BF4B-00C04F79EFBC}") = "Lab3", "Lab3.csproj", "{B39C14A1-5DA6-4983-B5E3-3AE78CDD0D4A}"
EndProject
Global
	GlobalSection(SolutionConfigurationPlatforms) = preSolution
		Debug|Any CPU = Debug|Any CPU
		Release|Any CPU = Release|Any CPU
	EndGlobalSection
	GlobalSection(ProjectConfigurationPlatforms) = postSolution
		{B39C14A1-5DA6-4983-B5E3-3AE78CDD0D4A}.Debug|Any CPU.ActiveCfg = Debug|Any CPU
		{B39C14A1-5DA6-4983-B5E3-3AE78CDD0D4A}.Debug|Any CPU.Build.0 = Debug|Any CPU
		{B39C14A1-5DA6-4983-B5E3-3AE78CDD0D4A}.Release|Any CPU.ActiveCfg = Release|Any CPU
		{B39C14A1-5DA6-4983-B5E3-3AE78CDD0D4A}.Release|Any CPU.Build.0 = Release|Any CPU
	EndGlobalSection
	GlobalSection(SolutionProperties) = preSolution
		HideSolutionNode = FALSE
	EndGlobalSection
	GlobalSection(ExtensibilityGlobals) = postSolution
		SolutionGuid = {62C6D3B1-05AD-4960-8DF7-9CD7A896D2FA}
	EndGlobalSection
EndGlobal
